
Microsoft Visual Studio Solution File, Format Version 12.00
# Visual Studio Version 16
VisualStudioVersion = 16.0.32126.315
MinimumVisualStudioVersion = 10.0.40219.1
Project("{FAE04EC0-301F-11D3-BF4B-00C04F79EFBC}") = "JogoDaVelha", "JogoDaVelha\JogoDaVelha.csproj", "{B85FC7A6-D77C-4F2E-A789-762DE4FD742E}"
EndProject
Global
	GlobalSection(SolutionConfigurationPlatforms) = preSolution
		Debug|Any CPU = Debug|Any CPU
		Release|Any CPU = Release|Any CPU
	EndGlobalSection
	GlobalSection(ProjectConfigurationPlatforms) = postSolution
		{B85FC7A6-D77C-4F2E-A789-762DE4FD742E}.Debug|Any CPU.ActiveCfg = Debug|Any CPU
		{B85FC7A6-D77C-4F2E-A789-762DE4FD742E}.Debug|Any CPU.Build.0 = Debug|Any CPU
		{B85FC7A6-D77C-4F2E-A789-762DE4FD742E}.Release|Any CPU.ActiveCfg = Release|Any CPU
		{B85FC7A6-D77C-4F2E-A789-762DE4FD742E}.Release|Any CPU.Build.0 = Release|Any CPU
	EndGlobalSection
	GlobalSection(SolutionProperties) = preSolution
		HideSolutionNode = FALSE
	EndGlobalSection
	GlobalSection(ExtensibilityGlobals) = postSolution
		SolutionGuid = {B771A0DA-C6E2-436F-9812-F9BB8E40D68F}
	EndGlobalSection
EndGlobal
